
Microsoft Visual Studio Solution File, Format Version 12.00
# Visual Studio Version 17
VisualStudioVersion = 17.5.33516.290
MinimumVisualStudioVersion = 10.0.40219.1
Project("{FAE04EC0-301F-11D3-BF4B-00C04F79EFBC}") = "Module-7", "Module-7.csproj", "{FFEF39AE-0306-476C-9952-A6686BF929D0}"
EndProject
Global
	GlobalSection(SolutionConfigurationPlatforms) = preSolution
		Debug|Any CPU = Debug|Any CPU
		Release|Any CPU = Release|Any CPU
	EndGlobalSection
	GlobalSection(ProjectConfigurationPlatforms) = postSolution
		{FFEF39AE-0306-476C-9952-A6686BF929D0}.Debug|Any CPU.ActiveCfg = Debug|Any CPU
		{FFEF39AE-0306-476C-9952-A6686BF929D0}.Debug|Any CPU.Build.0 = Debug|Any CPU
		{FFEF39AE-0306-476C-9952-A6686BF929D0}.Release|Any CPU.ActiveCfg = Release|Any CPU
		{FFEF39AE-0306-476C-9952-A6686BF929D0}.Release|Any CPU.Build.0 = Release|Any CPU
	EndGlobalSection
	GlobalSection(SolutionProperties) = preSolution
		HideSolutionNode = FALSE
	EndGlobalSection
	GlobalSection(ExtensibilityGlobals) = postSolution
		SolutionGuid = {8FC44277-5301-419B-8A78-6A4C03D296C9}
	EndGlobalSection
EndGlobal
